
Microsoft Visual Studio Solution File, Format Version 12.00
# Visual Studio 15
VisualStudioVersion = 15.0.26730.16
MinimumVisualStudioVersion = 10.0.40219.1
Project("{8BC9CEB8-8B4A-11D0-8D11-00A0C91BC942}") = "Engine64", "Engine64\Engine64.vcxproj", "{D136279F-92E4-42A3-B854-102B6802E3D3}"
EndProject
Global
	GlobalSection(SolutionConfigurationPlatforms) = preSolution
		Debug|x64 = Debug|x64
		Debug|x86 = Debug|x86
		Release|x64 = Release|x64
		Release|x86 = Release|x86
	EndGlobalSection
	GlobalSection(ProjectConfigurationPlatforms) = postSolution
		{D136279F-92E4-42A3-B854-102B6802E3D3}.Debug|x64.ActiveCfg = Debug|x64
		{D136279F-92E4-42A3-B854-102B6802E3D3}.Debug|x64.Build.0 = Debug|x64
		{D136279F-92E4-42A3-B854-102B6802E3D3}.Debug|x86.ActiveCfg = Debug|Win32
		{D136279F-92E4-42A3-B854-102B6802E3D3}.Debug|x86.Build.0 = Debug|Win32
		{D136279F-92E4-42A3-B854-102B6802E3D3}.Release|x64.ActiveCfg = Release|x64
		{D136279F-92E4-42A3-B854-102B6802E3D3}.Release|x64.Build.0 = Release|x64
		{D136279F-92E4-42A3-B854-102B6802E3D3}.Release|x86.ActiveCfg = Release|Win32
		{D136279F-92E4-42A3-B854-102B6802E3D3}.Release|x86.Build.0 = Release|Win32
	EndGlobalSection
	GlobalSection(SolutionProperties) = preSolution
		HideSolutionNode = FALSE
	EndGlobalSection
	GlobalSection(ExtensibilityGlobals) = postSolution
		SolutionGuid = {90A7567B-0C73-4F2E-BF75-2521244447D3}
	EndGlobalSection
EndGlobal
